
Microsoft Visual Studio Solution File, Format Version 12.00
# Visual Studio Version 16
VisualStudioVersion = 16.0.31205.134
MinimumVisualStudioVersion = 10.0.40219.1
Project("{2150E333-8FDC-42A3-9474-1A3956D46DE8}") = "Services", "Services", "{4D20DB34-84FD-4559-A082-BA538B39377F}"
EndProject
Project("{2150E333-8FDC-42A3-9474-1A3956D46DE8}") = "Catalog", "Catalog", "{18FEE6E6-0D61-45A1-90F8-81D0D3963ECA}"
EndProject
Project("{FAE04EC0-301F-11D3-BF4B-00C04F79EFBC}") = "Catalog.API", "Services\Catalog\Catalog.API\Catalog.API.csproj", "{06C95EEA-EA20-45FE-B34F-68E446C06513}"
EndProject
Global
	GlobalSection(SolutionConfigurationPlatforms) = preSolution
		Debug|Any CPU = Debug|Any CPU
		Release|Any CPU = Release|Any CPU
	EndGlobalSection
	GlobalSection(ProjectConfigurationPlatforms) = postSolution
		{06C95EEA-EA20-45FE-B34F-68E446C06513}.Debug|Any CPU.ActiveCfg = Debug|Any CPU
		{06C95EEA-EA20-45FE-B34F-68E446C06513}.Debug|Any CPU.Build.0 = Debug|Any CPU
		{06C95EEA-EA20-45FE-B34F-68E446C06513}.Release|Any CPU.ActiveCfg = Release|Any CPU
		{06C95EEA-EA20-45FE-B34F-68E446C06513}.Release|Any CPU.Build.0 = Release|Any CPU
	EndGlobalSection
	GlobalSection(SolutionProperties) = preSolution
		HideSolutionNode = FALSE
	EndGlobalSection
	GlobalSection(NestedProjects) = preSolution
		{18FEE6E6-0D61-45A1-90F8-81D0D3963ECA} = {4D20DB34-84FD-4559-A082-BA538B39377F}
		{06C95EEA-EA20-45FE-B34F-68E446C06513} = {18FEE6E6-0D61-45A1-90F8-81D0D3963ECA}
	EndGlobalSection
	GlobalSection(ExtensibilityGlobals) = postSolution
		SolutionGuid = {18EA9B67-7A5E-496E-8716-5EB4E766EE5D}
	EndGlobalSection
EndGlobal
